
Microsoft Visual Studio Solution File, Format Version 12.00
# Visual Studio Version 17
VisualStudioVersion = 17.7.34024.191
MinimumVisualStudioVersion = 10.0.40219.1
Project("{FAE04EC0-301F-11D3-BF4B-00C04F79EFBC}") = "Gruzoperevozki", "Gruzoperevozki.csproj", "{652458F9-F145-4A6A-8A52-091A7A1418AE}"
EndProject
Global
	GlobalSection(SolutionConfigurationPlatforms) = preSolution
		Debug|Any CPU = Debug|Any CPU
		Release|Any CPU = Release|Any CPU
	EndGlobalSection
	GlobalSection(ProjectConfigurationPlatforms) = postSolution
		{652458F9-F145-4A6A-8A52-091A7A1418AE}.Debug|Any CPU.ActiveCfg = Debug|Any CPU
		{652458F9-F145-4A6A-8A52-091A7A1418AE}.Debug|Any CPU.Build.0 = Debug|Any CPU
		{652458F9-F145-4A6A-8A52-091A7A1418AE}.Release|Any CPU.ActiveCfg = Release|Any CPU
		{652458F9-F145-4A6A-8A52-091A7A1418AE}.Release|Any CPU.Build.0 = Release|Any CPU
	EndGlobalSection
	GlobalSection(SolutionProperties) = preSolution
		HideSolutionNode = FALSE
	EndGlobalSection
	GlobalSection(ExtensibilityGlobals) = postSolution
		SolutionGuid = {8DE2840E-1C09-4B8D-AD1C-C4894302DBE2}
	EndGlobalSection
EndGlobal
